// !$*UTF8*$!
{
	archiveVersion = 1;
	classes = {
	};
	objectVersion = 46;
	objects = {

/* Begin PBXBuildFile section */
		E64B5A571A7F617500568B67 /* main.m in Sources */ = {isa = PBXBuildFile; fileRef = E64B5A561A7F617500568B67 /* main.m */; };
		E64B5A5A1A7F617500568B67 /* AppDelegate.m in Sources */ = {isa = PBXBuildFile; fileRef = E64B5A591A7F617500568B67 /* AppDelegate.m */; };
		E64B5A5C1A7F617500568B67 /* Images.xcassets in Resources */ = {isa = PBXBuildFile; fileRef = E64B5A5B1A7F617500568B67 /* Images.xcassets */; };
		E64B5A5F1A7F617500568B67 /* LaunchScreen.xib in Resources */ = {isa = PBXBuildFile; fileRef = E64B5A5D1A7F617500568B67 /* LaunchScreen.xib */; };
		E64B5A6B1A7F617500568B67 /* BaseDevelopTests.m in Sources */ = {isa = PBXBuildFile; fileRef = E64B5A6A1A7F617500568B67 /* BaseDevelopTests.m */; };
		E64B5A831A7F63DA00568B67 /* libBaseDevelop_iOS.a in Frameworks */ = {isa = PBXBuildFile; fileRef = E64B5A781A7F63DA00568B67 /* libBaseDevelop_iOS.a */; };
		E64B5A991A7F6EEF00568B67 /* UIView+FrameAdditions.h in Headers */ = {isa = PBXBuildFile; fileRef = E64B5A971A7F6EEF00568B67 /* UIView+FrameAdditions.h */; };
		E64B5A9A1A7F6EEF00568B67 /* UIView+FrameAdditions.m in Sources */ = {isa = PBXBuildFile; fileRef = E64B5A981A7F6EEF00568B67 /* UIView+FrameAdditions.m */; };
		E64B5A9B1A7F6EEF00568B67 /* UIView+FrameAdditions.m in Sources */ = {isa = PBXBuildFile; fileRef = E64B5A981A7F6EEF00568B67 /* UIView+FrameAdditions.m */; };
/* End PBXBuildFile section */

/* Begin PBXContainerItemProxy section */
		E64B5A651A7F617500568B67 /* PBXContainerItemProxy */ = {
			isa = PBXContainerItemProxy;
			containerPortal = E64B5A491A7F617500568B67 /* Project object */;
			proxyType = 1;
			remoteGlobalIDString = E64B5A501A7F617500568B67;
			remoteInfo = BaseDevelop;
		};
		E64B5A841A7F63DA00568B67 /* PBXContainerItemProxy */ = {
			isa = PBXContainerItemProxy;
			containerPortal = E64B5A491A7F617500568B67 /* Project object */;
			proxyType = 1;
			remoteGlobalIDString = E64B5A771A7F63DA00568B67;
			remoteInfo = BaseDevelop_iOS;
		};
/* End PBXContainerItemProxy section */

/* Begin PBXFileReference section */
		E64B5A511A7F617500568B67 /* BaseDevelop.app */ = {isa = PBXFileReference; explicitFileType = wrapper.application; includeInIndex = 0; path = BaseDevelop.app; sourceTree = BUILT_PRODUCTS_DIR; };
		E64B5A551A7F617500568B67 /* Info.plist */ = {isa = PBXFileReference; lastKnownFileType = text.plist.xml; path = Info.plist; sourceTree = "<group>"; };
		E64B5A561A7F617500568B67 /* main.m */ = {isa = PBXFileReference; lastKnownFileType = sourcecode.c.objc; path = main.m; sourceTree = "<group>"; };
		E64B5A581A7F617500568B67 /* AppDelegate.h */ = {isa = PBXFileReference; lastKnownFileType = sourcecode.c.h; path = AppDelegate.h; sourceTree = "<group>"; };
		E64B5A591A7F617500568B67 /* AppDelegate.m */ = {isa = PBXFileReference; lastKnownFileType = sourcecode.c.objc; path = AppDelegate.m; sourceTree = "<group>"; };
		E64B5A5B1A7F617500568B67 /* Images.xcassets */ = {isa = PBXFileReference; lastKnownFileType = folder.assetcatalog; path = Images.xcassets; sourceTree = "<group>"; };
		E64B5A5E1A7F617500568B67 /* Base */ = {isa = PBXFileReference; lastKnownFileType = file.xib; name = Base; path = Base.lproj/LaunchScreen.xib; sourceTree = "<group>"; };
		E64B5A641A7F617500568B67 /* BaseDevelopTests.xctest */ = {isa = PBXFileReference; explicitFileType = wrapper.cfbundle; includeInIndex = 0; path = BaseDevelopTests.xctest; sourceTree = BUILT_PRODUCTS_DIR; };
		E64B5A691A7F617500568B67 /* Info.plist */ = {isa = PBXFileReference; lastKnownFileType = text.plist.xml; path = Info.plist; sourceTree = "<group>"; };
		E64B5A6A1A7F617500568B67 /* BaseDevelopTests.m */ = {isa = PBXFileReference; lastKnownFileType = sourcecode.c.objc; path = BaseDevelopTests.m; sourceTree = "<group>"; };
		E64B5A781A7F63DA00568B67 /* libBaseDevelop_iOS.a */ = {isa = PBXFileReference; explicitFileType = archive.ar; includeInIndex = 0; path = libBaseDevelop_iOS.a; sourceTree = BUILT_PRODUCTS_DIR; };
		E64B5A821A7F63DA00568B67 /* BaseDevelop_iOSTests.xctest */ = {isa = PBXFileReference; explicitFileType = wrapper.cfbundle; includeInIndex = 0; path = BaseDevelop_iOSTests.xctest; sourceTree = BUILT_PRODUCTS_DIR; };
		E64B5A881A7F63DA00568B67 /* Info.plist */ = {isa = PBXFileReference; lastKnownFileType = text.plist.xml; path = Info.plist; sourceTree = "<group>"; };
		E64B5A971A7F6EEF00568B67 /* UIView+FrameAdditions.h */ = {isa = PBXFileReference; fileEncoding = 4; lastKnownFileType = sourcecode.c.h; path = "UIView+FrameAdditions.h"; sourceTree = "<group>"; };
		E64B5A981A7F6EEF00568B67 /* UIView+FrameAdditions.m */ = {isa = PBXFileReference; fileEncoding = 4; lastKnownFileType = sourcecode.c.objc; path = "UIView+FrameAdditions.m"; sourceTree = "<group>"; };
/* End PBXFileReference section */

/* Begin PBXFrameworksBuildPhase section */
		E64B5A4E1A7F617500568B67 /* Frameworks */ = {
			isa = PBXFrameworksBuildPhase;
			buildActionMask = 2147483647;
			files = (
			);
			runOnlyForDeploymentPostprocessing = 0;
		};
		E64B5A611A7F617500568B67 /* Frameworks */ = {
			isa = PBXFrameworksBuildPhase;
			buildActionMask = 2147483647;
			files = (
			);
			runOnlyForDeploymentPostprocessing = 0;
		};
		E64B5A751A7F63DA00568B67 /* Frameworks */ = {
			isa = PBXFrameworksBuildPhase;
			buildActionMask = 2147483647;
			files = (
			);
			runOnlyForDeploymentPostprocessing = 0;
		};
		E64B5A7F1A7F63DA00568B67 /* Frameworks */ = {
			isa = PBXFrameworksBuildPhase;
			buildActionMask = 2147483647;
			files = (
				E64B5A831A7F63DA00568B67 /* libBaseDevelop_iOS.a in Frameworks */,
			);
			runOnlyForDeploymentPostprocessing = 0;
		};
/* End PBXFrameworksBuildPhase section */

/* Begin PBXGroup section */
		E64B5A481A7F617500568B67 = {
			isa = PBXGroup;
			children = (
				E64B5A531A7F617500568B67 /* BaseDevelop */,
				E64B5A8F1A7F649B00568B67 /* BaseDevelop_iOS */,
				E64B5A671A7F617500568B67 /* BaseDevelopTests */,
				E64B5A861A7F63DA00568B67 /* BaseDevelop_iOSTests */,
				E64B5A521A7F617500568B67 /* Products */,
			);
			sourceTree = "<group>";
		};
		E64B5A521A7F617500568B67 /* Products */ = {
			isa = PBXGroup;
			children = (
				E64B5A511A7F617500568B67 /* BaseDevelop.app */,
				E64B5A641A7F617500568B67 /* BaseDevelopTests.xctest */,
				E64B5A781A7F63DA00568B67 /* libBaseDevelop_iOS.a */,
				E64B5A821A7F63DA00568B67 /* BaseDevelop_iOSTests.xctest */,
			);
			name = Products;
			sourceTree = "<group>";
		};
		E64B5A531A7F617500568B67 /* BaseDevelop */ = {
			isa = PBXGroup;
			children = (
				E64B5A581A7F617500568B67 /* AppDelegate.h */,
				E64B5A591A7F617500568B67 /* AppDelegate.m */,
				E64B5A5B1A7F617500568B67 /* Images.xcassets */,
				E64B5A5D1A7F617500568B67 /* LaunchScreen.xib */,
				E64B5A541A7F617500568B67 /* Supporting Files */,
			);
			path = BaseDevelop;
			sourceTree = "<group>";
		};
		E64B5A541A7F617500568B67 /* Supporting Files */ = {
			isa = PBXGroup;
			children = (
				E64B5A551A7F617500568B67 /* Info.plist */,
				E64B5A561A7F617500568B67 /* main.m */,
			);
			name = "Supporting Files";
			sourceTree = "<group>";
		};
		E64B5A671A7F617500568B67 /* BaseDevelopTests */ = {
			isa = PBXGroup;
			children = (
				E64B5A6A1A7F617500568B67 /* BaseDevelopTests.m */,
				E64B5A681A7F617500568B67 /* Supporting Files */,
			);
			path = BaseDevelopTests;
			sourceTree = "<group>";
		};
		E64B5A681A7F617500568B67 /* Supporting Files */ = {
			isa = PBXGroup;
			children = (
				E64B5A691A7F617500568B67 /* Info.plist */,
			);
			name = "Supporting Files";
			sourceTree = "<group>";
		};
		E64B5A861A7F63DA00568B67 /* BaseDevelop_iOSTests */ = {
			isa = PBXGroup;
			children = (
				E64B5A871A7F63DA00568B67 /* Supporting Files */,
			);
			path = BaseDevelop_iOSTests;
			sourceTree = "<group>";
		};
		E64B5A871A7F63DA00568B67 /* Supporting Files */ = {
			isa = PBXGroup;
			children = (
				E64B5A881A7F63DA00568B67 /* Info.plist */,
			);
			name = "Supporting Files";
			sourceTree = "<group>";
		};
		E64B5A8F1A7F649B00568B67 /* BaseDevelop_iOS */ = {
			isa = PBXGroup;
			children = (
				E64B5A901A7F64CA00568B67 /* UIView_Category */,
			);
			path = BaseDevelop_iOS;
			sourceTree = "<group>";
		};
		E64B5A901A7F64CA00568B67 /* UIView_Category */ = {
			isa = PBXGroup;
			children = (
				E64B5A971A7F6EEF00568B67 /* UIView+FrameAdditions.h */,
				E64B5A981A7F6EEF00568B67 /* UIView+FrameAdditions.m */,
			);
			path = UIView_Category;
			sourceTree = "<group>";
		};
/* End PBXGroup section */

/* Begin PBXHeadersBuildPhase section */
		E64B5A951A7F65D200568B67 /* Headers */ = {
			isa = PBXHeadersBuildPhase;
			buildActionMask = 2147483647;
			files = (
				E64B5A991A7F6EEF00568B67 /* UIView+FrameAdditions.h in Headers */,
			);
			runOnlyForDeploymentPostprocessing = 0;
		};
/* End PBXHeadersBuildPhase section */

/* Begin PBXNativeTarget section */
		E64B5A501A7F617500568B67 /* BaseDevelop */ = {
			isa = PBXNativeTarget;
			buildConfigurationList = E64B5A6E1A7F617500568B67 /* Build configuration list for PBXNativeTarget "BaseDevelop" */;
			buildPhases = (
				E64B5A4D1A7F617500568B67 /* Sources */,
				E64B5A4E1A7F617500568B67 /* Frameworks */,
				E64B5A4F1A7F617500568B67 /* Resources */,
			);
			buildRules = (
			);
			dependencies = (
			);
			name = BaseDevelop;
			productName = BaseDevelop;
			productReference = E64B5A511A7F617500568B67 /* BaseDevelop.app */;
			productType = "com.apple.product-type.application";
		};
		E64B5A631A7F617500568B67 /* BaseDevelopTests */ = {
			isa = PBXNativeTarget;
			buildConfigurationList = E64B5A711A7F617500568B67 /* Build configuration list for PBXNativeTarget "BaseDevelopTests" */;
			buildPhases = (
				E64B5A601A7F617500568B67 /* Sources */,
				E64B5A611A7F617500568B67 /* Frameworks */,
				E64B5A621A7F617500568B67 /* Resources */,
			);
			buildRules = (
			);
			dependencies = (
				E64B5A661A7F617500568B67 /* PBXTargetDependency */,
			);
			name = BaseDevelopTests;
			productName = BaseDevelopTests;
			productReference = E64B5A641A7F617500568B67 /* BaseDevelopTests.xctest */;
			productType = "com.apple.product-type.bundle.unit-test";
		};
		E64B5A771A7F63DA00568B67 /* BaseDevelop_iOS */ = {
			isa = PBXNativeTarget;
			buildConfigurationList = E64B5A891A7F63DA00568B67 /* Build configuration list for PBXNativeTarget "BaseDevelop_iOS" */;
			buildPhases = (
				E64B5A741A7F63DA00568B67 /* Sources */,
				E64B5A951A7F65D200568B67 /* Headers */,
				E64B5A751A7F63DA00568B67 /* Frameworks */,
			);
			buildRules = (
			);
			dependencies = (
			);
			name = BaseDevelop_iOS;
			productName = BaseDevelop_iOS;
			productReference = E64B5A781A7F63DA00568B67 /* libBaseDevelop_iOS.a */;
			productType = "com.apple.product-type.library.static";
		};
		E64B5A811A7F63DA00568B67 /* BaseDevelop_iOSTests */ = {
			isa = PBXNativeTarget;
			buildConfigurationList = E64B5A8C1A7F63DA00568B67 /* Build configuration list for PBXNativeTarget "BaseDevelop_iOSTests" */;
			buildPhases = (
				E64B5A7E1A7F63DA00568B67 /* Sources */,
				E64B5A7F1A7F63DA00568B67 /* Frameworks */,
				E64B5A801A7F63DA00568B67 /* Resources */,
			);
			buildRules = (
			);
			dependencies = (
				E64B5A851A7F63DA00568B67 /* PBXTargetDependency */,
			);
			name = BaseDevelop_iOSTests;
			productName = BaseDevelop_iOSTests;
			productReference = E64B5A821A7F63DA00568B67 /* BaseDevelop_iOSTests.xctest */;
			productType = "com.apple.product-type.bundle.unit-test";
		};
/* End PBXNativeTarget section */

/* Begin PBXProject section */
		E64B5A491A7F617500568B67 /* Project object */ = {
			isa = PBXProject;
			attributes = {
				LastUpgradeCheck = 0610;
				ORGANIZATIONNAME = leikun;
				TargetAttributes = {
					E64B5A501A7F617500568B67 = {
						CreatedOnToolsVersion = 6.1;
					};
					E64B5A631A7F617500568B67 = {
						CreatedOnToolsVersion = 6.1;
						TestTargetID = E64B5A501A7F617500568B67;
					};
					E64B5A771A7F63DA00568B67 = {
						CreatedOnToolsVersion = 6.1;
					};
					E64B5A811A7F63DA00568B67 = {
						CreatedOnToolsVersion = 6.1;
					};
				};
			};
			buildConfigurationList = E64B5A4C1A7F617500568B67 /* Build configuration list for PBXProject "BaseDevelop" */;
			compatibilityVersion = "Xcode 3.2";
			developmentRegion = English;
			hasScannedForEncodings = 0;
			knownRegions = (
				en,
				Base,
			);
			mainGroup = E64B5A481A7F617500568B67;
			productRefGroup = E64B5A521A7F617500568B67 /* Products */;
			projectDirPath = "";
			projectRoot = "";
			targets = (
				E64B5A501A7F617500568B67 /* BaseDevelop */,
				E64B5A771A7F63DA00568B67 /* BaseDevelop_iOS */,
				E64B5A631A7F617500568B67 /* BaseDevelopTests */,
				E64B5A811A7F63DA00568B67 /* BaseDevelop_iOSTests */,
			);
		};
/* End PBXProject section */

/* Begin PBXResourcesBuildPhase section */
		E64B5A4F1A7F617500568B67 /* Resources */ = {
			isa = PBXResourcesBuildPhase;
			buildActionMask = 2147483647;
			files = (
				E64B5A5F1A7F617500568B67 /* LaunchScreen.xib in Resources */,
				E64B5A5C1A7F617500568B67 /* Images.xcassets in Resources */,
			);
			runOnlyForDeploymentPostprocessing = 0;
		};
		E64B5A621A7F617500568B67 /* Resources */ = {
			isa = PBXResourcesBuildPhase;
			buildActionMask = 2147483647;
			files = (
			);
			runOnlyForDeploymentPostprocessing = 0;
		};
		E64B5A801A7F63DA00568B67 /* Resources */ = {
			isa = PBXResourcesBuildPhase;
			buildActionMask = 2147483647;
			files = (
			);
			runOnlyForDeploymentPostprocessing = 0;
		};
/* End PBXResourcesBuildPhase section */

/* Begin PBXSourcesBuildPhase section */
		E64B5A4D1A7F617500568B67 /* Sources */ = {
			isa = PBXSourcesBuildPhase;
			buildActionMask = 2147483647;
			files = (
				E64B5A5A1A7F617500568B67 /* AppDelegate.m in Sources */,
				E64B5A571A7F617500568B67 /* main.m in Sources */,
				E64B5A9A1A7F6EEF00568B67 /* UIView+FrameAdditions.m in Sources */,
			);
			runOnlyForDeploymentPostprocessing = 0;
		};
		E64B5A601A7F617500568B67 /* Sources */ = {
			isa = PBXSourcesBuildPhase;
			buildActionMask = 2147483647;
			files = (
				E64B5A6B1A7F617500568B67 /* BaseDevelopTests.m in Sources */,
			);
			runOnlyForDeploymentPostprocessing = 0;
		};
		E64B5A741A7F63DA00568B67 /* Sources */ = {
			isa = PBXSourcesBuildPhase;
			buildActionMask = 2147483647;
			files = (
				E64B5A9B1A7F6EEF00568B67 /* UIView+FrameAdditions.m in Sources */,
			);
			runOnlyForDeploymentPostprocessing = 0;
		};
		E64B5A7E1A7F63DA00568B67 /* Sources */ = {
			isa = PBXSourcesBuildPhase;
			buildActionMask = 2147483647;
			files = (
			);
			runOnlyForDeploymentPostprocessing = 0;
		};
/* End PBXSourcesBuildPhase section */

/* Begin PBXTargetDependency section */
		E64B5A661A7F617500568B67 /* PBXTargetDependency */ = {
			isa = PBXTargetDependency;
			target = E64B5A501A7F617500568B67 /* BaseDevelop */;
			targetProxy = E64B5A651A7F617500568B67 /* PBXContainerItemProxy */;
		};
		E64B5A851A7F63DA00568B67 /* PBXTargetDependency */ = {
			isa = PBXTargetDependency;
			target = E64B5A771A7F63DA00568B67 /* BaseDevelop_iOS */;
			targetProxy = E64B5A841A7F63DA00568B67 /* PBXContainerItemProxy */;
		};
/* End PBXTargetDependency section */

/* Begin PBXVariantGroup section */
		E64B5A5D1A7F617500568B67 /* LaunchScreen.xib */ = {
			isa = PBXVariantGroup;
			children = (
				E64B5A5E1A7F617500568B67 /* Base */,
			);
			name = LaunchScreen.xib;
			sourceTree = "<group>";
		};
/* End PBXVariantGroup section */

/* Begin XCBuildConfiguration section */
		E64B5A6C1A7F617500568B67 /* Debug */ = {
			isa = XCBuildConfiguration;
			buildSettings = {
				ALWAYS_SEARCH_USER_PATHS = NO;
				CLANG_CXX_LANGUAGE_STANDARD = "gnu++0x";
				CLANG_CXX_LIBRARY = "libc++";
				CLANG_ENABLE_MODULES = YES;
				CLANG_ENABLE_OBJC_ARC = YES;
				CLANG_WARN_BOOL_CONVERSION = YES;
				CLANG_WARN_CONSTANT_CONVERSION = YES;
				CLANG_WARN_DIRECT_OBJC_ISA_USAGE = YES_ERROR;
				CLANG_WARN_EMPTY_BODY = YES;
				CLANG_WARN_ENUM_CONVERSION = YES;
				CLANG_WARN_INT_CONVERSION = YES;
				CLANG_WARN_OBJC_ROOT_CLASS = YES_ERROR;
				CLANG_WARN_UNREACHABLE_CODE = YES;
				CLANG_WARN__DUPLICATE_METHOD_MATCH = YES;
				"CODE_SIGN_IDENTITY[sdk=iphoneos*]" = "iPhone Developer";
				COPY_PHASE_STRIP = NO;
				ENABLE_STRICT_OBJC_MSGSEND = YES;
				GCC_C_LANGUAGE_STANDARD = gnu99;
				GCC_DYNAMIC_NO_PIC = NO;
				GCC_OPTIMIZATION_LEVEL = 0;
				GCC_PREPROCESSOR_DEFINITIONS = (
					"DEBUG=1",
					"$(inherited)",
				);
				GCC_SYMBOLS_PRIVATE_EXTERN = NO;
				GCC_WARN_64_TO_32_BIT_CONVERSION = YES;
				GCC_WARN_ABOUT_RETURN_TYPE = YES_ERROR;
				GCC_WARN_UNDECLARED_SELECTOR = YES;
				GCC_WARN_UNINITIALIZED_AUTOS = YES_AGGRESSIVE;
				GCC_WARN_UNUSED_FUNCTION = YES;
				GCC_WARN_UNUSED_VARIABLE = YES;
				IPHONEOS_DEPLOYMENT_TARGET = 8.1;
				MTL_ENABLE_DEBUG_INFO = YES;
				ONLY_ACTIVE_ARCH = YES;
				SDKROOT = iphoneos;
				TARGETED_DEVICE_FAMILY = "1,2";
			};
			name = Debug;
		};
		E64B5A6D1A7F617500568B67 /* Release */ = {
			isa = XCBuildConfiguration;
			buildSettings = {
				ALWAYS_SEARCH_USER_PATHS = NO;
				CLANG_CXX_LANGUAGE_STANDARD = "gnu++0x";
				CLANG_CXX_LIBRARY = "libc++";
				CLANG_ENABLE_MODULES = YES;
				CLANG_ENABLE_OBJC_ARC = YES;
				CLANG_WARN_BOOL_CONVERSION = YES;
				CLANG_WARN_CONSTANT_CONVERSION = YES;
				CLANG_WARN_DIRECT_OBJC_ISA_USAGE = YES_ERROR;
				CLANG_WARN_EMPTY_BODY = YES;
				CLANG_WARN_ENUM_CONVERSION = YES;
				CLANG_WARN_INT_CONVERSION = YES;
				CLANG_WARN_OBJC_ROOT_CLASS = YES_ERROR;
				CLANG_WARN_UNREACHABLE_CODE = YES;
				CLANG_WARN__DUPLICATE_METHOD_MATCH = YES;
				"CODE_SIGN_IDENTITY[sdk=iphoneos*]" = "iPhone Developer";
				COPY_PHASE_STRIP = YES;
				ENABLE_NS_ASSERTIONS = NO;
				ENABLE_STRICT_OBJC_MSGSEND = YES;
				GCC_C_LANGUAGE_STANDARD = gnu99;
				GCC_WARN_64_TO_32_BIT_CONVERSION = YES;
				GCC_WARN_ABOUT_RETURN_TYPE = YES_ERROR;
				GCC_WARN_UNDECLARED_SELECTOR = YES;
				GCC_WARN_UNINITIALIZED_AUTOS = YES_AGGRESSIVE;
				GCC_WARN_UNUSED_FUNCTION = YES;
				GCC_WARN_UNUSED_VARIABLE = YES;
				IPHONEOS_DEPLOYMENT_TARGET = 8.1;
				MTL_ENABLE_DEBUG_INFO = NO;
				SDKROOT = iphoneos;
				TARGETED_DEVICE_FAMILY = "1,2";
				VALIDATE_PRODUCT = YES;
			};
			name = Release;
		};
		E64B5A6F1A7F617500568B67 /* Debug */ = {
			isa = XCBuildConfiguration;
			buildSettings = {
				ASSETCATALOG_COMPILER_APPICON_NAME = AppIcon;
				INFOPLIST_FILE = BaseDevelop/Info.plist;
				IPHONEOS_DEPLOYMENT_TARGET = 6.0;
				LD_RUNPATH_SEARCH_PATHS = "$(inherited) @executable_path/Frameworks";
				PRODUCT_NAME = "$(TARGET_NAME)";
			};
			name = Debug;
		};
		E64B5A701A7F617500568B67 /* Release */ = {
			isa = XCBuildConfiguration;
			buildSettings = {
				ASSETCATALOG_COMPILER_APPICON_NAME = AppIcon;
				INFOPLIST_FILE = BaseDevelop/Info.plist;
				IPHONEOS_DEPLOYMENT_TARGET = 6.0;
				LD_RUNPATH_SEARCH_PATHS = "$(inherited) @executable_path/Frameworks";
				PRODUCT_NAME = "$(TARGET_NAME)";
			};
			name = Release;
		};
		E64B5A721A7F617500568B67 /* Debug */ = {
			isa = XCBuildConfiguration;
			buildSettings = {
				BUNDLE_LOADER = "$(TEST_HOST)";
				FRAMEWORK_SEARCH_PATHS = (
					"$(SDKROOT)/Developer/Library/Frameworks",
					"$(inherited)",
				);
				GCC_PREPROCESSOR_DEFINITIONS = (
					"DEBUG=1",
					"$(inherited)",
				);
				INFOPLIST_FILE = BaseDevelopTests/Info.plist;
				LD_RUNPATH_SEARCH_PATHS = "$(inherited) @executable_path/Frameworks @loader_path/Frameworks";
				PRODUCT_NAME = "$(TARGET_NAME)";
				TEST_HOST = "$(BUILT_PRODUCTS_DIR)/BaseDevelop.app/BaseDevelop";
			};
			name = Debug;
		};
		E64B5A731A7F617500568B67 /* Release */ = {
			isa = XCBuildConfiguration;
			buildSettings = {
				BUNDLE_LOADER = "$(TEST_HOST)";
				FRAMEWORK_SEARCH_PATHS = (
					"$(SDKROOT)/Developer/Library/Frameworks",
					"$(inherited)",
				);
				INFOPLIST_FILE = BaseDevelopTests/Info.plist;
				LD_RUNPATH_SEARCH_PATHS = "$(inherited) @executable_path/Frameworks @loader_path/Frameworks";
				PRODUCT_NAME = "$(TARGET_NAME)";
				TEST_HOST = "$(BUILT_PRODUCTS_DIR)/BaseDevelop.app/BaseDevelop";
			};
			name = Release;
		};
		E64B5A8A1A7F63DA00568B67 /* Debug */ = {
			isa = XCBuildConfiguration;
			buildSettings = {
				GCC_PREPROCESSOR_DEFINITIONS = (
					"DEBUG=1",
					"$(inherited)",
				);
				OTHER_LDFLAGS = "-ObjC";
				PRODUCT_NAME = "$(TARGET_NAME)";
				SKIP_INSTALL = YES;
			};
			name = Debug;
		};
		E64B5A8B1A7F63DA00568B67 /* Release */ = {
			isa = XCBuildConfiguration;
			buildSettings = {
				OTHER_LDFLAGS = "-ObjC";
				PRODUCT_NAME = "$(TARGET_NAME)";
				SKIP_INSTALL = YES;
			};
			name = Release;
		};
		E64B5A8D1A7F63DA00568B67 /* Debug */ = {
			isa = XCBuildConfiguration;
			buildSettings = {
				FRAMEWORK_SEARCH_PATHS = (
					"$(SDKROOT)/Developer/Library/Frameworks",
					"$(inherited)",
				);
				GCC_PREPROCESSOR_DEFINITIONS = (
					"DEBUG=1",
					"$(inherited)",
				);
				INFOPLIST_FILE = BaseDevelop_iOSTests/Info.plist;
				LD_RUNPATH_SEARCH_PATHS = "$(inherited) @executable_path/Frameworks @loader_path/Frameworks";
				PRODUCT_NAME = "$(TARGET_NAME)";
			};
			name = Debug;
		};
		E64B5A8E1A7F63DA00568B67 /* Release */ = {
			isa = XCBuildConfiguration;
			buildSettings = {
				FRAMEWORK_SEARCH_PATHS = (
					"$(SDKROOT)/Developer/Library/Frameworks",
					"$(inherited)",
				);
				INFOPLIST_FILE = BaseDevelop_iOSTests/Info.plist;
				LD_RUNPATH_SEARCH_PATHS = "$(inherited) @executable_path/Frameworks @loader_path/Frameworks";
				PRODUCT_NAME = "$(TARGET_NAME)";
			};
			name = Release;
		};
/* End XCBuildConfiguration section */

/* Begin XCConfigurationList section */
		E64B5A4C1A7F617500568B67 /* Build configuration list for PBXProject "BaseDevelop" */ = {
			isa = XCConfigurationList;
			buildConfigurations = (
				E64B5A6C1A7F617500568B67 /* Debug */,
				E64B5A6D1A7F617500568B67 /* Release */,
			);
			defaultConfigurationIsVisible = 0;
			defaultConfigurationName = Release;
		};
		E64B5A6E1A7F617500568B67 /* Build configuration list for PBXNativeTarget "BaseDevelop" */ = {
			isa = XCConfigurationList;
			buildConfigurations = (
				E64B5A6F1A7F617500568B67 /* Debug */,
				E64B5A701A7F617500568B67 /* Release */,
			);
			defaultConfigurationIsVisible = 0;
			defaultConfigurationName = Release;
		};
		E64B5A711A7F617500568B67 /* Build configuration list for PBXNativeTarget "BaseDevelopTests" */ = {
			isa = XCConfigurationList;
			buildConfigurations = (
				E64B5A721A7F617500568B67 /* Debug */,
				E64B5A731A7F617500568B67 /* Release */,
			);
			defaultConfigurationIsVisible = 0;
			defaultConfigurationName = Release;
		};
		E64B5A891A7F63DA00568B67 /* Build configuration list for PBXNativeTarget "BaseDevelop_iOS" */ = {
			isa = XCConfigurationList;
			buildConfigurations = (
				E64B5A8A1A7F63DA00568B67 /* Debug */,
				E64B5A8B1A7F63DA00568B67 /* Release */,
			);
			defaultConfigurationIsVisible = 0;
		};
		E64B5A8C1A7F63DA00568B67 /* Build configuration list for PBXNativeTarget "BaseDevelop_iOSTests" */ = {
			isa = XCConfigurationList;
			buildConfigurations = (
				E64B5A8D1A7F63DA00568B67 /* Debug */,
				E64B5A8E1A7F63DA00568B67 /* Release */,
			);
			defaultConfigurationIsVisible = 0;
		};
/* End XCConfigurationList section */
	};
	rootObject = E64B5A491A7F617500568B67 /* Project object */;
}
